// !$*UTF8*$!
{
	archiveVersion = 1;
	classes = {
	};
	objectVersion = 56;
	objects = {

/* Begin PBXBuildFile section */
		08A6B6042A8667CC004A043D /* AppDelegate.m in Sources */ = {isa = PBXBuildFile; fileRef = 08A6B6032A8667CC004A043D /* AppDelegate.m */; };
		08A6B6072A8667CC004A043D /* SceneDelegate.m in Sources */ = {isa = PBXBuildFile; fileRef = 08A6B6062A8667CC004A043D /* SceneDelegate.m */; };
		08A6B60A2A8667CC004A043D /* ViewController.m in Sources */ = {isa = PBXBuildFile; fileRef = 08A6B6092A8667CC004A043D /* ViewController.m */; };
		08A6B60D2A8667CC004A043D /* Main.storyboard in Resources */ = {isa = PBXBuildFile; fileRef = 08A6B60B2A8667CC004A043D /* Main.storyboard */; };
		08A6B60F2A8667CC004A043D /* Assets.xcassets in Resources */ = {isa = PBXBuildFile; fileRef = 08A6B60E2A8667CC004A043D /* Assets.xcassets */; };
		08A6B6122A8667CC004A043D /* LaunchScreen.storyboard in Resources */ = {isa = PBXBuildFile; fileRef = 08A6B6102A8667CC004A043D /* LaunchScreen.storyboard */; };
		08A6B6152A8667CC004A043D /* main.m in Sources */ = {isa = PBXBuildFile; fileRef = 08A6B6142A8667CC004A043D /* main.m */; };
		08A6B61F2A8667CC004A043D /* NLFFSimuProTests.m in Sources */ = {isa = PBXBuildFile; fileRef = 08A6B61E2A8667CC004A043D /* NLFFSimuProTests.m */; };
		08A6B6292A8667CC004A043D /* NLFFSimuProUITests.m in Sources */ = {isa = PBXBuildFile; fileRef = 08A6B6282A8667CC004A043D /* NLFFSimuProUITests.m */; };
		08A6B62B2A8667CC004A043D /* NLFFSimuProUITestsLaunchTests.m in Sources */ = {isa = PBXBuildFile; fileRef = 08A6B62A2A8667CC004A043D /* NLFFSimuProUITestsLaunchTests.m */; };
		5EB0B66584CBE8C7EBD7D044 /* Pods_NLFFSimuPro_NLFFSimuProUITests.framework in Frameworks */ = {isa = PBXBuildFile; fileRef = C2627ED649007AA0F1D1F4FB /* Pods_NLFFSimuPro_NLFFSimuProUITests.framework */; };
		E6A8EF5F823FC1DEB103D768 /* Pods_NLFFSimuPro.framework in Frameworks */ = {isa = PBXBuildFile; fileRef = BF4CEB03D7C10C00046DA606 /* Pods_NLFFSimuPro.framework */; };
		E83DCDC3ABD54C9EC5B5DB2B /* Pods_NLFFSimuProTests.framework in Frameworks */ = {isa = PBXBuildFile; fileRef = 429E7956A014AE3F446A42FA /* Pods_NLFFSimuProTests.framework */; };
/* End PBXBuildFile section */

/* Begin PBXContainerItemProxy section */
		08A6B61B2A8667CC004A043D /* PBXContainerItemProxy */ = {
			isa = PBXContainerItemProxy;
			containerPortal = 08A6B5F72A8667CB004A043D /* Project object */;
			proxyType = 1;
			remoteGlobalIDString = 08A6B5FE2A8667CB004A043D;
			remoteInfo = NLFFSimuPro;
		};
		08A6B6252A8667CC004A043D /* PBXContainerItemProxy */ = {
			isa = PBXContainerItemProxy;
			containerPortal = 08A6B5F72A8667CB004A043D /* Project object */;
			proxyType = 1;
			remoteGlobalIDString = 08A6B5FE2A8667CB004A043D;
			remoteInfo = NLFFSimuPro;
		};
/* End PBXContainerItemProxy section */

/* Begin PBXFileReference section */
		08A6B5FF2A8667CB004A043D /* NLFFSimuPro.app */ = {isa = PBXFileReference; explicitFileType = wrapper.application; includeInIndex = 0; path = NLFFSimuPro.app; sourceTree = BUILT_PRODUCTS_DIR; };
		08A6B6022A8667CC004A043D /* AppDelegate.h */ = {isa = PBXFileReference; lastKnownFileType = sourcecode.c.h; path = AppDelegate.h; sourceTree = "<group>"; };
		08A6B6032A8667CC004A043D /* AppDelegate.m */ = {isa = PBXFileReference; lastKnownFileType = sourcecode.c.objc; path = AppDelegate.m; sourceTree = "<group>"; };
		08A6B6052A8667CC004A043D /* SceneDelegate.h */ = {isa = PBXFileReference; lastKnownFileType = sourcecode.c.h; path = SceneDelegate.h; sourceTree = "<group>"; };
		08A6B6062A8667CC004A043D /* SceneDelegate.m */ = {isa = PBXFileReference; lastKnownFileType = sourcecode.c.objc; path = SceneDelegate.m; sourceTree = "<group>"; };
		08A6B6082A8667CC004A043D /* ViewController.h */ = {isa = PBXFileReference; lastKnownFileType = sourcecode.c.h; path = ViewController.h; sourceTree = "<group>"; };
		08A6B6092A8667CC004A043D /* ViewController.m */ = {isa = PBXFileReference; lastKnownFileType = sourcecode.c.objc; path = ViewController.m; sourceTree = "<group>"; };
		08A6B60C2A8667CC004A043D /* Base */ = {isa = PBXFileReference; lastKnownFileType = file.storyboard; name = Base; path = Base.lproj/Main.storyboard; sourceTree = "<group>"; };
		08A6B60E2A8667CC004A043D /* Assets.xcassets */ = {isa = PBXFileReference; lastKnownFileType = folder.assetcatalog; path = Assets.xcassets; sourceTree = "<group>"; };
		08A6B6112A8667CC004A043D /* Base */ = {isa = PBXFileReference; lastKnownFileType = file.storyboard; name = Base; path = Base.lproj/LaunchScreen.storyboard; sourceTree = "<group>"; };
		08A6B6132A8667CC004A043D /* Info.plist */ = {isa = PBXFileReference; lastKnownFileType = text.plist.xml; path = Info.plist; sourceTree = "<group>"; };
		08A6B6142A8667CC004A043D /* main.m */ = {isa = PBXFileReference; lastKnownFileType = sourcecode.c.objc; path = main.m; sourceTree = "<group>"; };
		08A6B61A2A8667CC004A043D /* NLFFSimuProTests.xctest */ = {isa = PBXFileReference; explicitFileType = wrapper.cfbundle; includeInIndex = 0; path = NLFFSimuProTests.xctest; sourceTree = BUILT_PRODUCTS_DIR; };
		08A6B61E2A8667CC004A043D /* NLFFSimuProTests.m */ = {isa = PBXFileReference; lastKnownFileType = sourcecode.c.objc; path = NLFFSimuProTests.m; sourceTree = "<group>"; };
		08A6B6242A8667CC004A043D /* NLFFSimuProUITests.xctest */ = {isa = PBXFileReference; explicitFileType = wrapper.cfbundle; includeInIndex = 0; path = NLFFSimuProUITests.xctest; sourceTree = BUILT_PRODUCTS_DIR; };
		08A6B6282A8667CC004A043D /* NLFFSimuProUITests.m */ = {isa = PBXFileReference; lastKnownFileType = sourcecode.c.objc; path = NLFFSimuProUITests.m; sourceTree = "<group>"; };
		08A6B62A2A8667CC004A043D /* NLFFSimuProUITestsLaunchTests.m */ = {isa = PBXFileReference; lastKnownFileType = sourcecode.c.objc; path = NLFFSimuProUITestsLaunchTests.m; sourceTree = "<group>"; };
		429E7956A014AE3F446A42FA /* Pods_NLFFSimuProTests.framework */ = {isa = PBXFileReference; explicitFileType = wrapper.framework; includeInIndex = 0; path = Pods_NLFFSimuProTests.framework; sourceTree = BUILT_PRODUCTS_DIR; };
		5778CE8A54EB0A9B07ACD75C /* Pods-NLFFSimuProTests.debug.xcconfig */ = {isa = PBXFileReference; includeInIndex = 1; lastKnownFileType = text.xcconfig; name = "Pods-NLFFSimuProTests.debug.xcconfig"; path = "Target Support Files/Pods-NLFFSimuProTests/Pods-NLFFSimuProTests.debug.xcconfig"; sourceTree = "<group>"; };
		61C8AE86D322F35934A7A3B6 /* Pods-NLFFSimuProTests.release.xcconfig */ = {isa = PBXFileReference; includeInIndex = 1; lastKnownFileType = text.xcconfig; name = "Pods-NLFFSimuProTests.release.xcconfig"; path = "Target Support Files/Pods-NLFFSimuProTests/Pods-NLFFSimuProTests.release.xcconfig"; sourceTree = "<group>"; };
		8B4431E95ED749472661C058 /* Pods-NLFFSimuPro-NLFFSimuProUITests.release.xcconfig */ = {isa = PBXFileReference; includeInIndex = 1; lastKnownFileType = text.xcconfig; name = "Pods-NLFFSimuPro-NLFFSimuProUITests.release.xcconfig"; path = "Target Support Files/Pods-NLFFSimuPro-NLFFSimuProUITests/Pods-NLFFSimuPro-NLFFSimuProUITests.release.xcconfig"; sourceTree = "<group>"; };
		92151B5619DE9F3AA379E531 /* Pods-NLFFSimuPro-NLFFSimuProUITests.debug.xcconfig */ = {isa = PBXFileReference; includeInIndex = 1; lastKnownFileType = text.xcconfig; name = "Pods-NLFFSimuPro-NLFFSimuProUITests.debug.xcconfig"; path = "Target Support Files/Pods-NLFFSimuPro-NLFFSimuProUITests/Pods-NLFFSimuPro-NLFFSimuProUITests.debug.xcconfig"; sourceTree = "<group>"; };
		B1570AA942969BC99CA78044 /* Pods-NLFFSimuPro.debug.xcconfig */ = {isa = PBXFileReference; includeInIndex = 1; lastKnownFileType = text.xcconfig; name = "Pods-NLFFSimuPro.debug.xcconfig"; path = "Target Support Files/Pods-NLFFSimuPro/Pods-NLFFSimuPro.debug.xcconfig"; sourceTree = "<group>"; };
		BF4CEB03D7C10C00046DA606 /* Pods_NLFFSimuPro.framework */ = {isa = PBXFileReference; explicitFileType = wrapper.framework; includeInIndex = 0; path = Pods_NLFFSimuPro.framework; sourceTree = BUILT_PRODUCTS_DIR; };
		C2627ED649007AA0F1D1F4FB /* Pods_NLFFSimuPro_NLFFSimuProUITests.framework */ = {isa = PBXFileReference; explicitFileType = wrapper.framework; includeInIndex = 0; path = Pods_NLFFSimuPro_NLFFSimuProUITests.framework; sourceTree = BUILT_PRODUCTS_DIR; };
		E72B6E8DC1C9B9417A2A6AD0 /* Pods-NLFFSimuPro.release.xcconfig */ = {isa = PBXFileReference; includeInIndex = 1; lastKnownFileType = text.xcconfig; name = "Pods-NLFFSimuPro.release.xcconfig"; path = "Target Support Files/Pods-NLFFSimuPro/Pods-NLFFSimuPro.release.xcconfig"; sourceTree = "<group>"; };
/* End PBXFileReference section */

/* Begin PBXFrameworksBuildPhase section */
		08A6B5FC2A8667CB004A043D /* Frameworks */ = {
			isa = PBXFrameworksBuildPhase;
			buildActionMask = 2147483647;
			files = (
				E6A8EF5F823FC1DEB103D768 /* Pods_NLFFSimuPro.framework in Frameworks */,
			);
			runOnlyForDeploymentPostprocessing = 0;
		};
		08A6B6172A8667CC004A043D /* Frameworks */ = {
			isa = PBXFrameworksBuildPhase;
			buildActionMask = 2147483647;
			files = (
				E83DCDC3ABD54C9EC5B5DB2B /* Pods_NLFFSimuProTests.framework in Frameworks */,
			);
			runOnlyForDeploymentPostprocessing = 0;
		};
		08A6B6212A8667CC004A043D /* Frameworks */ = {
			isa = PBXFrameworksBuildPhase;
			buildActionMask = 2147483647;
			files = (
				5EB0B66584CBE8C7EBD7D044 /* Pods_NLFFSimuPro_NLFFSimuProUITests.framework in Frameworks */,
			);
			runOnlyForDeploymentPostprocessing = 0;
		};
/* End PBXFrameworksBuildPhase section */

/* Begin PBXGroup section */
		055F265BB102354BDAE8D499 /* Frameworks */ = {
			isa = PBXGroup;
			children = (
				BF4CEB03D7C10C00046DA606 /* Pods_NLFFSimuPro.framework */,
				C2627ED649007AA0F1D1F4FB /* Pods_NLFFSimuPro_NLFFSimuProUITests.framework */,
				429E7956A014AE3F446A42FA /* Pods_NLFFSimuProTests.framework */,
			);
			name = Frameworks;
			sourceTree = "<group>";
		};
		08A6B5F62A8667CB004A043D = {
			isa = PBXGroup;
			children = (
				08A6B6012A8667CB004A043D /* NLFFSimuPro */,
				08A6B61D2A8667CC004A043D /* NLFFSimuProTests */,
				08A6B6272A8667CC004A043D /* NLFFSimuProUITests */,
				08A6B6002A8667CB004A043D /* Products */,
				E4972389D412299643966321 /* Pods */,
				055F265BB102354BDAE8D499 /* Frameworks */,
			);
			sourceTree = "<group>";
		};
		08A6B6002A8667CB004A043D /* Products */ = {
			isa = PBXGroup;
			children = (
				08A6B5FF2A8667CB004A043D /* NLFFSimuPro.app */,
				08A6B61A2A8667CC004A043D /* NLFFSimuProTests.xctest */,
				08A6B6242A8667CC004A043D /* NLFFSimuProUITests.xctest */,
			);
			name = Products;
			sourceTree = "<group>";
		};
		08A6B6012A8667CB004A043D /* NLFFSimuPro */ = {
			isa = PBXGroup;
			children = (
				08A6B6022A8667CC004A043D /* AppDelegate.h */,
				08A6B6032A8667CC004A043D /* AppDelegate.m */,
				08A6B6052A8667CC004A043D /* SceneDelegate.h */,
				08A6B6062A8667CC004A043D /* SceneDelegate.m */,
				08A6B6082A8667CC004A043D /* ViewController.h */,
				08A6B6092A8667CC004A043D /* ViewController.m */,
				08A6B60B2A8667CC004A043D /* Main.storyboard */,
				08A6B60E2A8667CC004A043D /* Assets.xcassets */,
				08A6B6102A8667CC004A043D /* LaunchScreen.storyboard */,
				08A6B6132A8667CC004A043D /* Info.plist */,
				08A6B6142A8667CC004A043D /* main.m */,
			);
			path = NLFFSimuPro;
			sourceTree = "<group>";
		};
		08A6B61D2A8667CC004A043D /* NLFFSimuProTests */ = {
			isa = PBXGroup;
			children = (
				08A6B61E2A8667CC004A043D /* NLFFSimuProTests.m */,
			);
			path = NLFFSimuProTests;
			sourceTree = "<group>";
		};
		08A6B6272A8667CC004A043D /* NLFFSimuProUITests */ = {
			isa = PBXGroup;
			children = (
				08A6B6282A8667CC004A043D /* NLFFSimuProUITests.m */,
				08A6B62A2A8667CC004A043D /* NLFFSimuProUITestsLaunchTests.m */,
			);
			path = NLFFSimuProUITests;
			sourceTree = "<group>";
		};
		E4972389D412299643966321 /* Pods */ = {
			isa = PBXGroup;
			children = (
				B1570AA942969BC99CA78044 /* Pods-NLFFSimuPro.debug.xcconfig */,
				E72B6E8DC1C9B9417A2A6AD0 /* Pods-NLFFSimuPro.release.xcconfig */,
				92151B5619DE9F3AA379E531 /* Pods-NLFFSimuPro-NLFFSimuProUITests.debug.xcconfig */,
				8B4431E95ED749472661C058 /* Pods-NLFFSimuPro-NLFFSimuProUITests.release.xcconfig */,
				5778CE8A54EB0A9B07ACD75C /* Pods-NLFFSimuProTests.debug.xcconfig */,
				61C8AE86D322F35934A7A3B6 /* Pods-NLFFSimuProTests.release.xcconfig */,
			);
			name = Pods;
			path = Pods;
			sourceTree = "<group>";
		};
/* End PBXGroup section */

/* Begin PBXNativeTarget section */
		08A6B5FE2A8667CB004A043D /* NLFFSimuPro */ = {
			isa = PBXNativeTarget;
			buildConfigurationList = 08A6B62E2A8667CC004A043D /* Build configuration list for PBXNativeTarget "NLFFSimuPro" */;
			buildPhases = (
				816B80693446CBDA991DBF3D /* [CP] Check Pods Manifest.lock */,
				08A6B5FB2A8667CB004A043D /* Sources */,
				08A6B5FC2A8667CB004A043D /* Frameworks */,
				08A6B5FD2A8667CB004A043D /* Resources */,
			);
			buildRules = (
			);
			dependencies = (
			);
			name = NLFFSimuPro;
			productName = NLFFSimuPro;
			productReference = 08A6B5FF2A8667CB004A043D /* NLFFSimuPro.app */;
			productType = "com.apple.product-type.application";
		};
		08A6B6192A8667CC004A043D /* NLFFSimuProTests */ = {
			isa = PBXNativeTarget;
			buildConfigurationList = 08A6B6312A8667CC004A043D /* Build configuration list for PBXNativeTarget "NLFFSimuProTests" */;
			buildPhases = (
				8F031EA50F5A43262BCD9239 /* [CP] Check Pods Manifest.lock */,
				08A6B6162A8667CC004A043D /* Sources */,
				08A6B6172A8667CC004A043D /* Frameworks */,
				08A6B6182A8667CC004A043D /* Resources */,
			);
			buildRules = (
			);
			dependencies = (
				08A6B61C2A8667CC004A043D /* PBXTargetDependency */,
			);
			name = NLFFSimuProTests;
			productName = NLFFSimuProTests;
			productReference = 08A6B61A2A8667CC004A043D /* NLFFSimuProTests.xctest */;
			productType = "com.apple.product-type.bundle.unit-test";
		};
		08A6B6232A8667CC004A043D /* NLFFSimuProUITests */ = {
			isa = PBXNativeTarget;
			buildConfigurationList = 08A6B6342A8667CC004A043D /* Build configuration list for PBXNativeTarget "NLFFSimuProUITests" */;
			buildPhases = (
				CCB0EC43ECD82D736AD64C33 /* [CP] Check Pods Manifest.lock */,
				08A6B6202A8667CC004A043D /* Sources */,
				08A6B6212A8667CC004A043D /* Frameworks */,
				08A6B6222A8667CC004A043D /* Resources */,
			);
			buildRules = (
			);
			dependencies = (
				08A6B6262A8667CC004A043D /* PBXTargetDependency */,
			);
			name = NLFFSimuProUITests;
			productName = NLFFSimuProUITests;
			productReference = 08A6B6242A8667CC004A043D /* NLFFSimuProUITests.xctest */;
			productType = "com.apple.product-type.bundle.ui-testing";
		};
/* End PBXNativeTarget section */

/* Begin PBXProject section */
		08A6B5F72A8667CB004A043D /* Project object */ = {
			isa = PBXProject;
			attributes = {
				BuildIndependentTargetsInParallel = 1;
				LastUpgradeCheck = 1430;
				TargetAttributes = {
					08A6B5FE2A8667CB004A043D = {
						CreatedOnToolsVersion = 14.3.1;
					};
					08A6B6192A8667CC004A043D = {
						CreatedOnToolsVersion = 14.3.1;
						TestTargetID = 08A6B5FE2A8667CB004A043D;
					};
					08A6B6232A8667CC004A043D = {
						CreatedOnToolsVersion = 14.3.1;
						TestTargetID = 08A6B5FE2A8667CB004A043D;
					};
				};
			};
			buildConfigurationList = 08A6B5FA2A8667CB004A043D /* Build configuration list for PBXProject "NLFFSimuPro" */;
			compatibilityVersion = "Xcode 14.0";
			developmentRegion = en;
			hasScannedForEncodings = 0;
			knownRegions = (
				en,
				Base,
			);
			mainGroup = 08A6B5F62A8667CB004A043D;
			productRefGroup = 08A6B6002A8667CB004A043D /* Products */;
			projectDirPath = "";
			projectRoot = "";
			targets = (
				08A6B5FE2A8667CB004A043D /* NLFFSimuPro */,
				08A6B6192A8667CC004A043D /* NLFFSimuProTests */,
				08A6B6232A8667CC004A043D /* NLFFSimuProUITests */,
			);
		};
/* End PBXProject section */

/* Begin PBXResourcesBuildPhase section */
		08A6B5FD2A8667CB004A043D /* Resources */ = {
			isa = PBXResourcesBuildPhase;
			buildActionMask = 2147483647;
			files = (
				08A6B6122A8667CC004A043D /* LaunchScreen.storyboard in Resources */,
				08A6B60F2A8667CC004A043D /* Assets.xcassets in Resources */,
				08A6B60D2A8667CC004A043D /* Main.storyboard in Resources */,
			);
			runOnlyForDeploymentPostprocessing = 0;
		};
		08A6B6182A8667CC004A043D /* Resources */ = {
			isa = PBXResourcesBuildPhase;
			buildActionMask = 2147483647;
			files = (
			);
			runOnlyForDeploymentPostprocessing = 0;
		};
		08A6B6222A8667CC004A043D /* Resources */ = {
			isa = PBXResourcesBuildPhase;
			buildActionMask = 2147483647;
			files = (
			);
			runOnlyForDeploymentPostprocessing = 0;
		};
/* End PBXResourcesBuildPhase section */

/* Begin PBXShellScriptBuildPhase section */
		816B80693446CBDA991DBF3D /* [CP] Check Pods Manifest.lock */ = {
			isa = PBXShellScriptBuildPhase;
			buildActionMask = 2147483647;
			files = (
			);
			inputFileListPaths = (
			);
			inputPaths = (
				"${PODS_PODFILE_DIR_PATH}/Podfile.lock",
				"${PODS_ROOT}/Manifest.lock",
			);
			name = "[CP] Check Pods Manifest.lock";
			outputFileListPaths = (
			);
			outputPaths = (
				"$(DERIVED_FILE_DIR)/Pods-NLFFSimuPro-checkManifestLockResult.txt",
			);
			runOnlyForDeploymentPostprocessing = 0;
			shellPath = /bin/sh;
			shellScript = "diff \"${PODS_PODFILE_DIR_PATH}/Podfile.lock\" \"${PODS_ROOT}/Manifest.lock\" > /dev/null\nif [ $? != 0 ] ; then\n    # print error to STDERR\n    echo \"error: The sandbox is not in sync with the Podfile.lock. Run 'pod install' or update your CocoaPods installation.\" >&2\n    exit 1\nfi\n# This output is used by Xcode 'outputs' to avoid re-running this script phase.\necho \"SUCCESS\" > \"${SCRIPT_OUTPUT_FILE_0}\"\n";
			showEnvVarsInLog = 0;
		};
		8F031EA50F5A43262BCD9239 /* [CP] Check Pods Manifest.lock */ = {
			isa = PBXShellScriptBuildPhase;
			buildActionMask = 2147483647;
			files = (
			);
			inputFileListPaths = (
			);
			inputPaths = (
				"${PODS_PODFILE_DIR_PATH}/Podfile.lock",
				"${PODS_ROOT}/Manifest.lock",
			);
			name = "[CP] Check Pods Manifest.lock";
			outputFileListPaths = (
			);
			outputPaths = (
				"$(DERIVED_FILE_DIR)/Pods-NLFFSimuProTests-checkManifestLockResult.txt",
			);
			runOnlyForDeploymentPostprocessing = 0;
			shellPath = /bin/sh;
			shellScript = "diff \"${PODS_PODFILE_DIR_PATH}/Podfile.lock\" \"${PODS_ROOT}/Manifest.lock\" > /dev/null\nif [ $? != 0 ] ; then\n    # print error to STDERR\n    echo \"error: The sandbox is not in sync with the Podfile.lock. Run 'pod install' or update your CocoaPods installation.\" >&2\n    exit 1\nfi\n# This output is used by Xcode 'outputs' to avoid re-running this script phase.\necho \"SUCCESS\" > \"${SCRIPT_OUTPUT_FILE_0}\"\n";
			showEnvVarsInLog = 0;
		};
		CCB0EC43ECD82D736AD64C33 /* [CP] Check Pods Manifest.lock */ = {
			isa = PBXShellScriptBuildPhase;
			buildActionMask = 2147483647;
			files = (
			);
			inputFileListPaths = (
			);
			inputPaths = (
				"${PODS_PODFILE_DIR_PATH}/Podfile.lock",
				"${PODS_ROOT}/Manifest.lock",
			);
			name = "[CP] Check Pods Manifest.lock";
			outputFileListPaths = (
			);
			outputPaths = (
				"$(DERIVED_FILE_DIR)/Pods-NLFFSimuPro-NLFFSimuProUITests-checkManifestLockResult.txt",
			);
			runOnlyForDeploymentPostprocessing = 0;
			shellPath = /bin/sh;
			shellScript = "diff \"${PODS_PODFILE_DIR_PATH}/Podfile.lock\" \"${PODS_ROOT}/Manifest.lock\" > /dev/null\nif [ $? != 0 ] ; then\n    # print error to STDERR\n    echo \"error: The sandbox is not in sync with the Podfile.lock. Run 'pod install' or update your CocoaPods installation.\" >&2\n    exit 1\nfi\n# This output is used by Xcode 'outputs' to avoid re-running this script phase.\necho \"SUCCESS\" > \"${SCRIPT_OUTPUT_FILE_0}\"\n";
			showEnvVarsInLog = 0;
		};
/* End PBXShellScriptBuildPhase section */

/* Begin PBXSourcesBuildPhase section */
		08A6B5FB2A8667CB004A043D /* Sources */ = {
			isa = PBXSourcesBuildPhase;
			buildActionMask = 2147483647;
			files = (
				08A6B60A2A8667CC004A043D /* ViewController.m in Sources */,
				08A6B6042A8667CC004A043D /* AppDelegate.m in Sources */,
				08A6B6152A8667CC004A043D /* main.m in Sources */,
				08A6B6072A8667CC004A043D /* SceneDelegate.m in Sources */,
			);
			runOnlyForDeploymentPostprocessing = 0;
		};
		08A6B6162A8667CC004A043D /* Sources */ = {
			isa = PBXSourcesBuildPhase;
			buildActionMask = 2147483647;
			files = (
				08A6B61F2A8667CC004A043D /* NLFFSimuProTests.m in Sources */,
			);
			runOnlyForDeploymentPostprocessing = 0;
		};
		08A6B6202A8667CC004A043D /* Sources */ = {
			isa = PBXSourcesBuildPhase;
			buildActionMask = 2147483647;
			files = (
				08A6B62B2A8667CC004A043D /* NLFFSimuProUITestsLaunchTests.m in Sources */,
				08A6B6292A8667CC004A043D /* NLFFSimuProUITests.m in Sources */,
			);
			runOnlyForDeploymentPostprocessing = 0;
		};
/* End PBXSourcesBuildPhase section */

/* Begin PBXTargetDependency section */
		08A6B61C2A8667CC004A043D /* PBXTargetDependency */ = {
			isa = PBXTargetDependency;
			target = 08A6B5FE2A8667CB004A043D /* NLFFSimuPro */;
			targetProxy = 08A6B61B2A8667CC004A043D /* PBXContainerItemProxy */;
		};
		08A6B6262A8667CC004A043D /* PBXTargetDependency */ = {
			isa = PBXTargetDependency;
			target = 08A6B5FE2A8667CB004A043D /* NLFFSimuPro */;
			targetProxy = 08A6B6252A8667CC004A043D /* PBXContainerItemProxy */;
		};
/* End PBXTargetDependency section */

/* Begin PBXVariantGroup section */
		08A6B60B2A8667CC004A043D /* Main.storyboard */ = {
			isa = PBXVariantGroup;
			children = (
				08A6B60C2A8667CC004A043D /* Base */,
			);
			name = Main.storyboard;
			sourceTree = "<group>";
		};
		08A6B6102A8667CC004A043D /* LaunchScreen.storyboard */ = {
			isa = PBXVariantGroup;
			children = (
				08A6B6112A8667CC004A043D /* Base */,
			);
			name = LaunchScreen.storyboard;
			sourceTree = "<group>";
		};
/* End PBXVariantGroup section */

/* Begin XCBuildConfiguration section */
		08A6B62C2A8667CC004A043D /* Debug */ = {
			isa = XCBuildConfiguration;
			buildSettings = {
				ALWAYS_SEARCH_USER_PATHS = NO;
				CLANG_ANALYZER_NONNULL = YES;
				CLANG_ANALYZER_NUMBER_OBJECT_CONVERSION = YES_AGGRESSIVE;
				CLANG_CXX_LANGUAGE_STANDARD = "gnu++20";
				CLANG_ENABLE_MODULES = YES;
				CLANG_ENABLE_OBJC_ARC = YES;
				CLANG_ENABLE_OBJC_WEAK = YES;
				CLANG_WARN_BLOCK_CAPTURE_AUTORELEASING = YES;
				CLANG_WARN_BOOL_CONVERSION = YES;
				CLANG_WARN_COMMA = YES;
				CLANG_WARN_CONSTANT_CONVERSION = YES;
				CLANG_WARN_DEPRECATED_OBJC_IMPLEMENTATIONS = YES;
				CLANG_WARN_DIRECT_OBJC_ISA_USAGE = YES_ERROR;
				CLANG_WARN_DOCUMENTATION_COMMENTS = YES;
				CLANG_WARN_EMPTY_BODY = YES;
				CLANG_WARN_ENUM_CONVERSION = YES;
				CLANG_WARN_INFINITE_RECURSION = YES;
				CLANG_WARN_INT_CONVERSION = YES;
				CLANG_WARN_NON_LITERAL_NULL_CONVERSION = YES;
				CLANG_WARN_OBJC_IMPLICIT_RETAIN_SELF = YES;
				CLANG_WARN_OBJC_LITERAL_CONVERSION = YES;
				CLANG_WARN_OBJC_ROOT_CLASS = YES_ERROR;
				CLANG_WARN_QUOTED_INCLUDE_IN_FRAMEWORK_HEADER = YES;
				CLANG_WARN_RANGE_LOOP_ANALYSIS = YES;
				CLANG_WARN_STRICT_PROTOTYPES = YES;
				CLANG_WARN_SUSPICIOUS_MOVE = YES;
				CLANG_WARN_UNGUARDED_AVAILABILITY = YES_AGGRESSIVE;
				CLANG_WARN_UNREACHABLE_CODE = YES;
				CLANG_WARN__DUPLICATE_METHOD_MATCH = YES;
				COPY_PHASE_STRIP = NO;
				DEBUG_INFORMATION_FORMAT = dwarf;
				ENABLE_STRICT_OBJC_MSGSEND = YES;
				ENABLE_TESTABILITY = YES;
				GCC_C_LANGUAGE_STANDARD = gnu11;
				GCC_DYNAMIC_NO_PIC = NO;
				GCC_NO_COMMON_BLOCKS = YES;
				GCC_OPTIMIZATION_LEVEL = 0;
				GCC_PREPROCESSOR_DEFINITIONS = (
					"DEBUG=1",
					"$(inherited)",
				);
				GCC_WARN_64_TO_32_BIT_CONVERSION = YES;
				GCC_WARN_ABOUT_RETURN_TYPE = YES_ERROR;
				GCC_WARN_UNDECLARED_SELECTOR = YES;
				GCC_WARN_UNINITIALIZED_AUTOS = YES_AGGRESSIVE;
				GCC_WARN_UNUSED_FUNCTION = YES;
				GCC_WARN_UNUSED_VARIABLE = YES;
				IPHONEOS_DEPLOYMENT_TARGET = 16.4;
				MTL_ENABLE_DEBUG_INFO = INCLUDE_SOURCE;
				MTL_FAST_MATH = YES;
				ONLY_ACTIVE_ARCH = YES;
				SDKROOT = iphoneos;
			};
			name = Debug;
		};
		08A6B62D2A8667CC004A043D /* Release */ = {
			isa = XCBuildConfiguration;
			buildSettings = {
				ALWAYS_SEARCH_USER_PATHS = NO;
				CLANG_ANALYZER_NONNULL = YES;
				CLANG_ANALYZER_NUMBER_OBJECT_CONVERSION = YES_AGGRESSIVE;
				CLANG_CXX_LANGUAGE_STANDARD = "gnu++20";
				CLANG_ENABLE_MODULES = YES;
				CLANG_ENABLE_OBJC_ARC = YES;
				CLANG_ENABLE_OBJC_WEAK = YES;
				CLANG_WARN_BLOCK_CAPTURE_AUTORELEASING = YES;
				CLANG_WARN_BOOL_CONVERSION = YES;
				CLANG_WARN_COMMA = YES;
				CLANG_WARN_CONSTANT_CONVERSION = YES;
				CLANG_WARN_DEPRECATED_OBJC_IMPLEMENTATIONS = YES;
				CLANG_WARN_DIRECT_OBJC_ISA_USAGE = YES_ERROR;
				CLANG_WARN_DOCUMENTATION_COMMENTS = YES;
				CLANG_WARN_EMPTY_BODY = YES;
				CLANG_WARN_ENUM_CONVERSION = YES;
				CLANG_WARN_INFINITE_RECURSION = YES;
				CLANG_WARN_INT_CONVERSION = YES;
				CLANG_WARN_NON_LITERAL_NULL_CONVERSION = YES;
				CLANG_WARN_OBJC_IMPLICIT_RETAIN_SELF = YES;
				CLANG_WARN_OBJC_LITERAL_CONVERSION = YES;
				CLANG_WARN_OBJC_ROOT_CLASS = YES_ERROR;
				CLANG_WARN_QUOTED_INCLUDE_IN_FRAMEWORK_HEADER = YES;
				CLANG_WARN_RANGE_LOOP_ANALYSIS = YES;
				CLANG_WARN_STRICT_PROTOTYPES = YES;
				CLANG_WARN_SUSPICIOUS_MOVE = YES;
				CLANG_WARN_UNGUARDED_AVAILABILITY = YES_AGGRESSIVE;
				CLANG_WARN_UNREACHABLE_CODE = YES;
				CLANG_WARN__DUPLICATE_METHOD_MATCH = YES;
				COPY_PHASE_STRIP = NO;
				DEBUG_INFORMATION_FORMAT = "dwarf-with-dsym";
				ENABLE_NS_ASSERTIONS = NO;
				ENABLE_STRICT_OBJC_MSGSEND = YES;
				GCC_C_LANGUAGE_STANDARD = gnu11;
				GCC_NO_COMMON_BLOCKS = YES;
				GCC_WARN_64_TO_32_BIT_CONVERSION = YES;
				GCC_WARN_ABOUT_RETURN_TYPE = YES_ERROR;
				GCC_WARN_UNDECLARED_SELECTOR = YES;
				GCC_WARN_UNINITIALIZED_AUTOS = YES_AGGRESSIVE;
				GCC_WARN_UNUSED_FUNCTION = YES;
				GCC_WARN_UNUSED_VARIABLE = YES;
				IPHONEOS_DEPLOYMENT_TARGET = 16.4;
				MTL_ENABLE_DEBUG_INFO = NO;
				MTL_FAST_MATH = YES;
				SDKROOT = iphoneos;
				VALIDATE_PRODUCT = YES;
			};
			name = Release;
		};
		08A6B62F2A8667CC004A043D /* Debug */ = {
			isa = XCBuildConfiguration;
			baseConfigurationReference = B1570AA942969BC99CA78044 /* Pods-NLFFSimuPro.debug.xcconfig */;
			buildSettings = {
				ASSETCATALOG_COMPILER_APPICON_NAME = AppIcon;
				ASSETCATALOG_COMPILER_GLOBAL_ACCENT_COLOR_NAME = AccentColor;
				CODE_SIGN_STYLE = Automatic;
				CURRENT_PROJECT_VERSION = 1;
				GENERATE_INFOPLIST_FILE = YES;
				INFOPLIST_FILE = NLFFSimuPro/Info.plist;
				INFOPLIST_KEY_UIApplicationSupportsIndirectInputEvents = YES;
				INFOPLIST_KEY_UILaunchStoryboardName = LaunchScreen;
				INFOPLIST_KEY_UIMainStoryboardFile = Main;
				INFOPLIST_KEY_UISupportedInterfaceOrientations_iPad = "UIInterfaceOrientationPortrait UIInterfaceOrientationPortraitUpsideDown UIInterfaceOrientationLandscapeLeft UIInterfaceOrientationLandscapeRight";
				INFOPLIST_KEY_UISupportedInterfaceOrientations_iPhone = "UIInterfaceOrientationPortrait UIInterfaceOrientationLandscapeLeft UIInterfaceOrientationLandscapeRight";
				LD_RUNPATH_SEARCH_PATHS = (
					"$(inherited)",
					"@executable_path/Frameworks",
				);
				MARKETING_VERSION = 1.0;
				PRODUCT_BUNDLE_IDENTIFIER = com.neal.NLFFSimuPro;
				PRODUCT_NAME = "$(TARGET_NAME)";
				SWIFT_EMIT_LOC_STRINGS = YES;
				TARGETED_DEVICE_FAMILY = "1,2";
			};
			name = Debug;
		};
		08A6B6302A8667CC004A043D /* Release */ = {
			isa = XCBuildConfiguration;
			baseConfigurationReference = E72B6E8DC1C9B9417A2A6AD0 /* Pods-NLFFSimuPro.release.xcconfig */;
			buildSettings = {
				ASSETCATALOG_COMPILER_APPICON_NAME = AppIcon;
				ASSETCATALOG_COMPILER_GLOBAL_ACCENT_COLOR_NAME = AccentColor;
				CODE_SIGN_STYLE = Automatic;
				CURRENT_PROJECT_VERSION = 1;
				GENERATE_INFOPLIST_FILE = YES;
				INFOPLIST_FILE = NLFFSimuPro/Info.plist;
				INFOPLIST_KEY_UIApplicationSupportsIndirectInputEvents = YES;
				INFOPLIST_KEY_UILaunchStoryboardName = LaunchScreen;
				INFOPLIST_KEY_UIMainStoryboardFile = Main;
				INFOPLIST_KEY_UISupportedInterfaceOrientations_iPad = "UIInterfaceOrientationPortrait UIInterfaceOrientationPortraitUpsideDown UIInterfaceOrientationLandscapeLeft UIInterfaceOrientationLandscapeRight";
				INFOPLIST_KEY_UISupportedInterfaceOrientations_iPhone = "UIInterfaceOrientationPortrait UIInterfaceOrientationLandscapeLeft UIInterfaceOrientationLandscapeRight";
				LD_RUNPATH_SEARCH_PATHS = (
					"$(inherited)",
					"@executable_path/Frameworks",
				);
				MARKETING_VERSION = 1.0;
				PRODUCT_BUNDLE_IDENTIFIER = com.neal.NLFFSimuPro;
				PRODUCT_NAME = "$(TARGET_NAME)";
				SWIFT_EMIT_LOC_STRINGS = YES;
				TARGETED_DEVICE_FAMILY = "1,2";
			};
			name = Release;
		};
		08A6B6322A8667CC004A043D /* Debug */ = {
			isa = XCBuildConfiguration;
			baseConfigurationReference = 5778CE8A54EB0A9B07ACD75C /* Pods-NLFFSimuProTests.debug.xcconfig */;
			buildSettings = {
				BUNDLE_LOADER = "$(TEST_HOST)";
				CODE_SIGN_STYLE = Automatic;
				CURRENT_PROJECT_VERSION = 1;
				GENERATE_INFOPLIST_FILE = YES;
				IPHONEOS_DEPLOYMENT_TARGET = 16.4;
				MARKETING_VERSION = 1.0;
				PRODUCT_BUNDLE_IDENTIFIER = com.neal.NLFFSimuProTests;
				PRODUCT_NAME = "$(TARGET_NAME)";
				SWIFT_EMIT_LOC_STRINGS = NO;
				TARGETED_DEVICE_FAMILY = "1,2";
				TEST_HOST = "$(BUILT_PRODUCTS_DIR)/NLFFSimuPro.app/$(BUNDLE_EXECUTABLE_FOLDER_PATH)/NLFFSimuPro";
			};
			name = Debug;
		};
		08A6B6332A8667CC004A043D /* Release */ = {
			isa = XCBuildConfiguration;
			baseConfigurationReference = 61C8AE86D322F35934A7A3B6 /* Pods-NLFFSimuProTests.release.xcconfig */;
			buildSettings = {
				BUNDLE_LOADER = "$(TEST_HOST)";
				CODE_SIGN_STYLE = Automatic;
				CURRENT_PROJECT_VERSION = 1;
				GENERATE_INFOPLIST_FILE = YES;
				IPHONEOS_DEPLOYMENT_TARGET = 16.4;
				MARKETING_VERSION = 1.0;
				PRODUCT_BUNDLE_IDENTIFIER = com.neal.NLFFSimuProTests;
				PRODUCT_NAME = "$(TARGET_NAME)";
				SWIFT_EMIT_LOC_STRINGS = NO;
				TARGETED_DEVICE_FAMILY = "1,2";
				TEST_HOST = "$(BUILT_PRODUCTS_DIR)/NLFFSimuPro.app/$(BUNDLE_EXECUTABLE_FOLDER_PATH)/NLFFSimuPro";
			};
			name = Release;
		};
		08A6B6352A8667CC004A043D /* Debug */ = {
			isa = XCBuildConfiguration;
			baseConfigurationReference = 92151B5619DE9F3AA379E531 /* Pods-NLFFSimuPro-NLFFSimuProUITests.debug.xcconfig */;
			buildSettings = {
				CODE_SIGN_STYLE = Automatic;
				CURRENT_PROJECT_VERSION = 1;
				GENERATE_INFOPLIST_FILE = YES;
				MARKETING_VERSION = 1.0;
				PRODUCT_BUNDLE_IDENTIFIER = com.neal.NLFFSimuProUITests;
				PRODUCT_NAME = "$(TARGET_NAME)";
				SWIFT_EMIT_LOC_STRINGS = NO;
				TARGETED_DEVICE_FAMILY = "1,2";
				TEST_TARGET_NAME = NLFFSimuPro;
			};
			name = Debug;
		};
		08A6B6362A8667CC004A043D /* Release */ = {
			isa = XCBuildConfiguration;
			baseConfigurationReference = 8B4431E95ED749472661C058 /* Pods-NLFFSimuPro-NLFFSimuProUITests.release.xcconfig */;
			buildSettings = {
				CODE_SIGN_STYLE = Automatic;
				CURRENT_PROJECT_VERSION = 1;
				GENERATE_INFOPLIST_FILE = YES;
				MARKETING_VERSION = 1.0;
				PRODUCT_BUNDLE_IDENTIFIER = com.neal.NLFFSimuProUITests;
				PRODUCT_NAME = "$(TARGET_NAME)";
				SWIFT_EMIT_LOC_STRINGS = NO;
				TARGETED_DEVICE_FAMILY = "1,2";
				TEST_TARGET_NAME = NLFFSimuPro;
			};
			name = Release;
		};
/* End XCBuildConfiguration section */

/* Begin XCConfigurationList section */
		08A6B5FA2A8667CB004A043D /* Build configuration list for PBXProject "NLFFSimuPro" */ = {
			isa = XCConfigurationList;
			buildConfigurations = (
				08A6B62C2A8667CC004A043D /* Debug */,
				08A6B62D2A8667CC004A043D /* Release */,
			);
			defaultConfigurationIsVisible = 0;
			defaultConfigurationName = Release;
		};
		08A6B62E2A8667CC004A043D /* Build configuration list for PBXNativeTarget "NLFFSimuPro" */ = {
			isa = XCConfigurationList;
			buildConfigurations = (
				08A6B62F2A8667CC004A043D /* Debug */,
				08A6B6302A8667CC004A043D /* Release */,
			);
			defaultConfigurationIsVisible = 0;
			defaultConfigurationName = Release;
		};
		08A6B6312A8667CC004A043D /* Build configuration list for PBXNativeTarget "NLFFSimuProTests" */ = {
			isa = XCConfigurationList;
			buildConfigurations = (
				08A6B6322A8667CC004A043D /* Debug */,
				08A6B6332A8667CC004A043D /* Release */,
			);
			defaultConfigurationIsVisible = 0;
			defaultConfigurationName = Release;
		};
		08A6B6342A8667CC004A043D /* Build configuration list for PBXNativeTarget "NLFFSimuProUITests" */ = {
			isa = XCConfigurationList;
			buildConfigurations = (
				08A6B6352A8667CC004A043D /* Debug */,
				08A6B6362A8667CC004A043D /* Release */,
			);
			defaultConfigurationIsVisible = 0;
			defaultConfigurationName = Release;
		};
/* End XCConfigurationList section */
	};
	rootObject = 08A6B5F72A8667CB004A043D /* Project object */;
}
