// !$*UTF8*$!
{
	archiveVersion = 1;
	classes = {
	};
	objectVersion = 56;
	objects = {

/* Begin PBXBuildFile section */
		086C7C6D2A866A6F00A1F26D /* AppDelegate.swift in Sources */ = {isa = PBXBuildFile; fileRef = 086C7C6C2A866A6F00A1F26D /* AppDelegate.swift */; };
		086C7C6F2A866A6F00A1F26D /* SceneDelegate.swift in Sources */ = {isa = PBXBuildFile; fileRef = 086C7C6E2A866A6F00A1F26D /* SceneDelegate.swift */; };
		086C7C712A866A6F00A1F26D /* ViewController.swift in Sources */ = {isa = PBXBuildFile; fileRef = 086C7C702A866A6F00A1F26D /* ViewController.swift */; };
		086C7C742A866A6F00A1F26D /* Main.storyboard in Resources */ = {isa = PBXBuildFile; fileRef = 086C7C722A866A6F00A1F26D /* Main.storyboard */; };
		086C7C762A866A7000A1F26D /* Assets.xcassets in Resources */ = {isa = PBXBuildFile; fileRef = 086C7C752A866A7000A1F26D /* Assets.xcassets */; };
		086C7C792A866A7000A1F26D /* LaunchScreen.storyboard in Resources */ = {isa = PBXBuildFile; fileRef = 086C7C772A866A7000A1F26D /* LaunchScreen.storyboard */; };
		086C7C842A866A7000A1F26D /* NLFFSimuProTests.swift in Sources */ = {isa = PBXBuildFile; fileRef = 086C7C832A866A7000A1F26D /* NLFFSimuProTests.swift */; };
		086C7C8E2A866A7000A1F26D /* NLFFSimuProUITests.swift in Sources */ = {isa = PBXBuildFile; fileRef = 086C7C8D2A866A7000A1F26D /* NLFFSimuProUITests.swift */; };
		086C7C902A866A7000A1F26D /* NLFFSimuProUITestsLaunchTests.swift in Sources */ = {isa = PBXBuildFile; fileRef = 086C7C8F2A866A7000A1F26D /* NLFFSimuProUITestsLaunchTests.swift */; };
		18F53E0E6C468247944984BF /* Pods_NLFFSimuProTests.framework in Frameworks */ = {isa = PBXBuildFile; fileRef = E99C601A3927E1BB8394199D /* Pods_NLFFSimuProTests.framework */; };
		45DB46EAD416B5D513797238 /* Pods_NLFFSimuPro_NLFFSimuProUITests.framework in Frameworks */ = {isa = PBXBuildFile; fileRef = F79B8714AB9A08B14F260FA1 /* Pods_NLFFSimuPro_NLFFSimuProUITests.framework */; };
		CFA5B3ADF126316053B24954 /* Pods_NLFFSimuPro.framework in Frameworks */ = {isa = PBXBuildFile; fileRef = 022E14A2E2A2C9887C75262A /* Pods_NLFFSimuPro.framework */; };
/* End PBXBuildFile section */

/* Begin PBXContainerItemProxy section */
		086C7C802A866A7000A1F26D /* PBXContainerItemProxy */ = {
			isa = PBXContainerItemProxy;
			containerPortal = 086C7C612A866A6F00A1F26D /* Project object */;
			proxyType = 1;
			remoteGlobalIDString = 086C7C682A866A6F00A1F26D;
			remoteInfo = NLFFSimuPro;
		};
		086C7C8A2A866A7000A1F26D /* PBXContainerItemProxy */ = {
			isa = PBXContainerItemProxy;
			containerPortal = 086C7C612A866A6F00A1F26D /* Project object */;
			proxyType = 1;
			remoteGlobalIDString = 086C7C682A866A6F00A1F26D;
			remoteInfo = NLFFSimuPro;
		};
/* End PBXContainerItemProxy section */

/* Begin PBXFileReference section */
		022E14A2E2A2C9887C75262A /* Pods_NLFFSimuPro.framework */ = {isa = PBXFileReference; explicitFileType = wrapper.framework; includeInIndex = 0; path = Pods_NLFFSimuPro.framework; sourceTree = BUILT_PRODUCTS_DIR; };
		086C7C692A866A6F00A1F26D /* NLFFSimuPro.app */ = {isa = PBXFileReference; explicitFileType = wrapper.application; includeInIndex = 0; path = NLFFSimuPro.app; sourceTree = BUILT_PRODUCTS_DIR; };
		086C7C6C2A866A6F00A1F26D /* AppDelegate.swift */ = {isa = PBXFileReference; lastKnownFileType = sourcecode.swift; path = AppDelegate.swift; sourceTree = "<group>"; };
		086C7C6E2A866A6F00A1F26D /* SceneDelegate.swift */ = {isa = PBXFileReference; lastKnownFileType = sourcecode.swift; path = SceneDelegate.swift; sourceTree = "<group>"; };
		086C7C702A866A6F00A1F26D /* ViewController.swift */ = {isa = PBXFileReference; lastKnownFileType = sourcecode.swift; path = ViewController.swift; sourceTree = "<group>"; };
		086C7C732A866A6F00A1F26D /* Base */ = {isa = PBXFileReference; lastKnownFileType = file.storyboard; name = Base; path = Base.lproj/Main.storyboard; sourceTree = "<group>"; };
		086C7C752A866A7000A1F26D /* Assets.xcassets */ = {isa = PBXFileReference; lastKnownFileType = folder.assetcatalog; path = Assets.xcassets; sourceTree = "<group>"; };
		086C7C782A866A7000A1F26D /* Base */ = {isa = PBXFileReference; lastKnownFileType = file.storyboard; name = Base; path = Base.lproj/LaunchScreen.storyboard; sourceTree = "<group>"; };
		086C7C7A2A866A7000A1F26D /* Info.plist */ = {isa = PBXFileReference; lastKnownFileType = text.plist.xml; path = Info.plist; sourceTree = "<group>"; };
		086C7C7F2A866A7000A1F26D /* NLFFSimuProTests.xctest */ = {isa = PBXFileReference; explicitFileType = wrapper.cfbundle; includeInIndex = 0; path = NLFFSimuProTests.xctest; sourceTree = BUILT_PRODUCTS_DIR; };
		086C7C832A866A7000A1F26D /* NLFFSimuProTests.swift */ = {isa = PBXFileReference; lastKnownFileType = sourcecode.swift; path = NLFFSimuProTests.swift; sourceTree = "<group>"; };
		086C7C892A866A7000A1F26D /* NLFFSimuProUITests.xctest */ = {isa = PBXFileReference; explicitFileType = wrapper.cfbundle; includeInIndex = 0; path = NLFFSimuProUITests.xctest; sourceTree = BUILT_PRODUCTS_DIR; };
		086C7C8D2A866A7000A1F26D /* NLFFSimuProUITests.swift */ = {isa = PBXFileReference; lastKnownFileType = sourcecode.swift; path = NLFFSimuProUITests.swift; sourceTree = "<group>"; };
		086C7C8F2A866A7000A1F26D /* NLFFSimuProUITestsLaunchTests.swift */ = {isa = PBXFileReference; lastKnownFileType = sourcecode.swift; path = NLFFSimuProUITestsLaunchTests.swift; sourceTree = "<group>"; };
		2ABC537281763151E2169014 /* Pods-NLFFSimuPro-NLFFSimuProUITests.debug.xcconfig */ = {isa = PBXFileReference; includeInIndex = 1; lastKnownFileType = text.xcconfig; name = "Pods-NLFFSimuPro-NLFFSimuProUITests.debug.xcconfig"; path = "Target Support Files/Pods-NLFFSimuPro-NLFFSimuProUITests/Pods-NLFFSimuPro-NLFFSimuProUITests.debug.xcconfig"; sourceTree = "<group>"; };
		7C0A71E203631B3E5F26CDF8 /* Pods-NLFFSimuPro-NLFFSimuProUITests.release.xcconfig */ = {isa = PBXFileReference; includeInIndex = 1; lastKnownFileType = text.xcconfig; name = "Pods-NLFFSimuPro-NLFFSimuProUITests.release.xcconfig"; path = "Target Support Files/Pods-NLFFSimuPro-NLFFSimuProUITests/Pods-NLFFSimuPro-NLFFSimuProUITests.release.xcconfig"; sourceTree = "<group>"; };
		879EC5CBCC999D23BB2B2EEB /* Pods-NLFFSimuProTests.release.xcconfig */ = {isa = PBXFileReference; includeInIndex = 1; lastKnownFileType = text.xcconfig; name = "Pods-NLFFSimuProTests.release.xcconfig"; path = "Target Support Files/Pods-NLFFSimuProTests/Pods-NLFFSimuProTests.release.xcconfig"; sourceTree = "<group>"; };
		99748CB93B240FE3A700BFEC /* Pods-NLFFSimuPro.debug.xcconfig */ = {isa = PBXFileReference; includeInIndex = 1; lastKnownFileType = text.xcconfig; name = "Pods-NLFFSimuPro.debug.xcconfig"; path = "Target Support Files/Pods-NLFFSimuPro/Pods-NLFFSimuPro.debug.xcconfig"; sourceTree = "<group>"; };
		C35E4B8DFD4FC0D8B083A79E /* Pods-NLFFSimuProTests.debug.xcconfig */ = {isa = PBXFileReference; includeInIndex = 1; lastKnownFileType = text.xcconfig; name = "Pods-NLFFSimuProTests.debug.xcconfig"; path = "Target Support Files/Pods-NLFFSimuProTests/Pods-NLFFSimuProTests.debug.xcconfig"; sourceTree = "<group>"; };
		E3CC194DB082EB3B9734F33E /* Pods-NLFFSimuPro.release.xcconfig */ = {isa = PBXFileReference; includeInIndex = 1; lastKnownFileType = text.xcconfig; name = "Pods-NLFFSimuPro.release.xcconfig"; path = "Target Support Files/Pods-NLFFSimuPro/Pods-NLFFSimuPro.release.xcconfig"; sourceTree = "<group>"; };
		E99C601A3927E1BB8394199D /* Pods_NLFFSimuProTests.framework */ = {isa = PBXFileReference; explicitFileType = wrapper.framework; includeInIndex = 0; path = Pods_NLFFSimuProTests.framework; sourceTree = BUILT_PRODUCTS_DIR; };
		F79B8714AB9A08B14F260FA1 /* Pods_NLFFSimuPro_NLFFSimuProUITests.framework */ = {isa = PBXFileReference; explicitFileType = wrapper.framework; includeInIndex = 0; path = Pods_NLFFSimuPro_NLFFSimuProUITests.framework; sourceTree = BUILT_PRODUCTS_DIR; };
/* End PBXFileReference section */

/* Begin PBXFrameworksBuildPhase section */
		086C7C662A866A6F00A1F26D /* Frameworks */ = {
			isa = PBXFrameworksBuildPhase;
			buildActionMask = 2147483647;
			files = (
				CFA5B3ADF126316053B24954 /* Pods_NLFFSimuPro.framework in Frameworks */,
			);
			runOnlyForDeploymentPostprocessing = 0;
		};
		086C7C7C2A866A7000A1F26D /* Frameworks */ = {
			isa = PBXFrameworksBuildPhase;
			buildActionMask = 2147483647;
			files = (
				18F53E0E6C468247944984BF /* Pods_NLFFSimuProTests.framework in Frameworks */,
			);
			runOnlyForDeploymentPostprocessing = 0;
		};
		086C7C862A866A7000A1F26D /* Frameworks */ = {
			isa = PBXFrameworksBuildPhase;
			buildActionMask = 2147483647;
			files = (
				45DB46EAD416B5D513797238 /* Pods_NLFFSimuPro_NLFFSimuProUITests.framework in Frameworks */,
			);
			runOnlyForDeploymentPostprocessing = 0;
		};
/* End PBXFrameworksBuildPhase section */

/* Begin PBXGroup section */
		086C7C602A866A6F00A1F26D = {
			isa = PBXGroup;
			children = (
				086C7C6B2A866A6F00A1F26D /* NLFFSimuPro */,
				086C7C822A866A7000A1F26D /* NLFFSimuProTests */,
				086C7C8C2A866A7000A1F26D /* NLFFSimuProUITests */,
				086C7C6A2A866A6F00A1F26D /* Products */,
				1F9BCF8D808F256F3E6797F1 /* Pods */,
				BAD5E8D0DAF76D0DEDB4EE46 /* Frameworks */,
			);
			sourceTree = "<group>";
		};
		086C7C6A2A866A6F00A1F26D /* Products */ = {
			isa = PBXGroup;
			children = (
				086C7C692A866A6F00A1F26D /* NLFFSimuPro.app */,
				086C7C7F2A866A7000A1F26D /* NLFFSimuProTests.xctest */,
				086C7C892A866A7000A1F26D /* NLFFSimuProUITests.xctest */,
			);
			name = Products;
			sourceTree = "<group>";
		};
		086C7C6B2A866A6F00A1F26D /* NLFFSimuPro */ = {
			isa = PBXGroup;
			children = (
				086C7C6C2A866A6F00A1F26D /* AppDelegate.swift */,
				086C7C6E2A866A6F00A1F26D /* SceneDelegate.swift */,
				086C7C702A866A6F00A1F26D /* ViewController.swift */,
				086C7C722A866A6F00A1F26D /* Main.storyboard */,
				086C7C752A866A7000A1F26D /* Assets.xcassets */,
				086C7C772A866A7000A1F26D /* LaunchScreen.storyboard */,
				086C7C7A2A866A7000A1F26D /* Info.plist */,
			);
			path = NLFFSimuPro;
			sourceTree = "<group>";
		};
		086C7C822A866A7000A1F26D /* NLFFSimuProTests */ = {
			isa = PBXGroup;
			children = (
				086C7C832A866A7000A1F26D /* NLFFSimuProTests.swift */,
			);
			path = NLFFSimuProTests;
			sourceTree = "<group>";
		};
		086C7C8C2A866A7000A1F26D /* NLFFSimuProUITests */ = {
			isa = PBXGroup;
			children = (
				086C7C8D2A866A7000A1F26D /* NLFFSimuProUITests.swift */,
				086C7C8F2A866A7000A1F26D /* NLFFSimuProUITestsLaunchTests.swift */,
			);
			path = NLFFSimuProUITests;
			sourceTree = "<group>";
		};
		1F9BCF8D808F256F3E6797F1 /* Pods */ = {
			isa = PBXGroup;
			children = (
				99748CB93B240FE3A700BFEC /* Pods-NLFFSimuPro.debug.xcconfig */,
				E3CC194DB082EB3B9734F33E /* Pods-NLFFSimuPro.release.xcconfig */,
				2ABC537281763151E2169014 /* Pods-NLFFSimuPro-NLFFSimuProUITests.debug.xcconfig */,
				7C0A71E203631B3E5F26CDF8 /* Pods-NLFFSimuPro-NLFFSimuProUITests.release.xcconfig */,
				C35E4B8DFD4FC0D8B083A79E /* Pods-NLFFSimuProTests.debug.xcconfig */,
				879EC5CBCC999D23BB2B2EEB /* Pods-NLFFSimuProTests.release.xcconfig */,
			);
			name = Pods;
			path = Pods;
			sourceTree = "<group>";
		};
		BAD5E8D0DAF76D0DEDB4EE46 /* Frameworks */ = {
			isa = PBXGroup;
			children = (
				022E14A2E2A2C9887C75262A /* Pods_NLFFSimuPro.framework */,
				F79B8714AB9A08B14F260FA1 /* Pods_NLFFSimuPro_NLFFSimuProUITests.framework */,
				E99C601A3927E1BB8394199D /* Pods_NLFFSimuProTests.framework */,
			);
			name = Frameworks;
			sourceTree = "<group>";
		};
/* End PBXGroup section */

/* Begin PBXNativeTarget section */
		086C7C682A866A6F00A1F26D /* NLFFSimuPro */ = {
			isa = PBXNativeTarget;
			buildConfigurationList = 086C7C932A866A7000A1F26D /* Build configuration list for PBXNativeTarget "NLFFSimuPro" */;
			buildPhases = (
				CD8A1B402F814D72E3F88436 /* [CP] Check Pods Manifest.lock */,
				086C7C652A866A6F00A1F26D /* Sources */,
				086C7C662A866A6F00A1F26D /* Frameworks */,
				086C7C672A866A6F00A1F26D /* Resources */,
			);
			buildRules = (
			);
			dependencies = (
			);
			name = NLFFSimuPro;
			productName = NLFFSimuPro;
			productReference = 086C7C692A866A6F00A1F26D /* NLFFSimuPro.app */;
			productType = "com.apple.product-type.application";
		};
		086C7C7E2A866A7000A1F26D /* NLFFSimuProTests */ = {
			isa = PBXNativeTarget;
			buildConfigurationList = 086C7C962A866A7000A1F26D /* Build configuration list for PBXNativeTarget "NLFFSimuProTests" */;
			buildPhases = (
				6DFF2594AEB8D6F923A6D56C /* [CP] Check Pods Manifest.lock */,
				086C7C7B2A866A7000A1F26D /* Sources */,
				086C7C7C2A866A7000A1F26D /* Frameworks */,
				086C7C7D2A866A7000A1F26D /* Resources */,
			);
			buildRules = (
			);
			dependencies = (
				086C7C812A866A7000A1F26D /* PBXTargetDependency */,
			);
			name = NLFFSimuProTests;
			productName = NLFFSimuProTests;
			productReference = 086C7C7F2A866A7000A1F26D /* NLFFSimuProTests.xctest */;
			productType = "com.apple.product-type.bundle.unit-test";
		};
		086C7C882A866A7000A1F26D /* NLFFSimuProUITests */ = {
			isa = PBXNativeTarget;
			buildConfigurationList = 086C7C992A866A7000A1F26D /* Build configuration list for PBXNativeTarget "NLFFSimuProUITests" */;
			buildPhases = (
				C8F5E59FF50F7D8848CA1A9A /* [CP] Check Pods Manifest.lock */,
				086C7C852A866A7000A1F26D /* Sources */,
				086C7C862A866A7000A1F26D /* Frameworks */,
				086C7C872A866A7000A1F26D /* Resources */,
			);
			buildRules = (
			);
			dependencies = (
				086C7C8B2A866A7000A1F26D /* PBXTargetDependency */,
			);
			name = NLFFSimuProUITests;
			productName = NLFFSimuProUITests;
			productReference = 086C7C892A866A7000A1F26D /* NLFFSimuProUITests.xctest */;
			productType = "com.apple.product-type.bundle.ui-testing";
		};
/* End PBXNativeTarget section */

/* Begin PBXProject section */
		086C7C612A866A6F00A1F26D /* Project object */ = {
			isa = PBXProject;
			attributes = {
				BuildIndependentTargetsInParallel = 1;
				LastSwiftUpdateCheck = 1430;
				LastUpgradeCheck = 1430;
				TargetAttributes = {
					086C7C682A866A6F00A1F26D = {
						CreatedOnToolsVersion = 14.3.1;
					};
					086C7C7E2A866A7000A1F26D = {
						CreatedOnToolsVersion = 14.3.1;
						TestTargetID = 086C7C682A866A6F00A1F26D;
					};
					086C7C882A866A7000A1F26D = {
						CreatedOnToolsVersion = 14.3.1;
						TestTargetID = 086C7C682A866A6F00A1F26D;
					};
				};
			};
			buildConfigurationList = 086C7C642A866A6F00A1F26D /* Build configuration list for PBXProject "NLFFSimuPro" */;
			compatibilityVersion = "Xcode 14.0";
			developmentRegion = en;
			hasScannedForEncodings = 0;
			knownRegions = (
				en,
				Base,
			);
			mainGroup = 086C7C602A866A6F00A1F26D;
			productRefGroup = 086C7C6A2A866A6F00A1F26D /* Products */;
			projectDirPath = "";
			projectRoot = "";
			targets = (
				086C7C682A866A6F00A1F26D /* NLFFSimuPro */,
				086C7C7E2A866A7000A1F26D /* NLFFSimuProTests */,
				086C7C882A866A7000A1F26D /* NLFFSimuProUITests */,
			);
		};
/* End PBXProject section */

/* Begin PBXResourcesBuildPhase section */
		086C7C672A866A6F00A1F26D /* Resources */ = {
			isa = PBXResourcesBuildPhase;
			buildActionMask = 2147483647;
			files = (
				086C7C792A866A7000A1F26D /* LaunchScreen.storyboard in Resources */,
				086C7C762A866A7000A1F26D /* Assets.xcassets in Resources */,
				086C7C742A866A6F00A1F26D /* Main.storyboard in Resources */,
			);
			runOnlyForDeploymentPostprocessing = 0;
		};
		086C7C7D2A866A7000A1F26D /* Resources */ = {
			isa = PBXResourcesBuildPhase;
			buildActionMask = 2147483647;
			files = (
			);
			runOnlyForDeploymentPostprocessing = 0;
		};
		086C7C872A866A7000A1F26D /* Resources */ = {
			isa = PBXResourcesBuildPhase;
			buildActionMask = 2147483647;
			files = (
			);
			runOnlyForDeploymentPostprocessing = 0;
		};
/* End PBXResourcesBuildPhase section */

/* Begin PBXShellScriptBuildPhase section */
		6DFF2594AEB8D6F923A6D56C /* [CP] Check Pods Manifest.lock */ = {
			isa = PBXShellScriptBuildPhase;
			buildActionMask = 2147483647;
			files = (
			);
			inputFileListPaths = (
			);
			inputPaths = (
				"${PODS_PODFILE_DIR_PATH}/Podfile.lock",
				"${PODS_ROOT}/Manifest.lock",
			);
			name = "[CP] Check Pods Manifest.lock";
			outputFileListPaths = (
			);
			outputPaths = (
				"$(DERIVED_FILE_DIR)/Pods-NLFFSimuProTests-checkManifestLockResult.txt",
			);
			runOnlyForDeploymentPostprocessing = 0;
			shellPath = /bin/sh;
			shellScript = "diff \"${PODS_PODFILE_DIR_PATH}/Podfile.lock\" \"${PODS_ROOT}/Manifest.lock\" > /dev/null\nif [ $? != 0 ] ; then\n    # print error to STDERR\n    echo \"error: The sandbox is not in sync with the Podfile.lock. Run 'pod install' or update your CocoaPods installation.\" >&2\n    exit 1\nfi\n# This output is used by Xcode 'outputs' to avoid re-running this script phase.\necho \"SUCCESS\" > \"${SCRIPT_OUTPUT_FILE_0}\"\n";
			showEnvVarsInLog = 0;
		};
		C8F5E59FF50F7D8848CA1A9A /* [CP] Check Pods Manifest.lock */ = {
			isa = PBXShellScriptBuildPhase;
			buildActionMask = 2147483647;
			files = (
			);
			inputFileListPaths = (
			);
			inputPaths = (
				"${PODS_PODFILE_DIR_PATH}/Podfile.lock",
				"${PODS_ROOT}/Manifest.lock",
			);
			name = "[CP] Check Pods Manifest.lock";
			outputFileListPaths = (
			);
			outputPaths = (
				"$(DERIVED_FILE_DIR)/Pods-NLFFSimuPro-NLFFSimuProUITests-checkManifestLockResult.txt",
			);
			runOnlyForDeploymentPostprocessing = 0;
			shellPath = /bin/sh;
			shellScript = "diff \"${PODS_PODFILE_DIR_PATH}/Podfile.lock\" \"${PODS_ROOT}/Manifest.lock\" > /dev/null\nif [ $? != 0 ] ; then\n    # print error to STDERR\n    echo \"error: The sandbox is not in sync with the Podfile.lock. Run 'pod install' or update your CocoaPods installation.\" >&2\n    exit 1\nfi\n# This output is used by Xcode 'outputs' to avoid re-running this script phase.\necho \"SUCCESS\" > \"${SCRIPT_OUTPUT_FILE_0}\"\n";
			showEnvVarsInLog = 0;
		};
		CD8A1B402F814D72E3F88436 /* [CP] Check Pods Manifest.lock */ = {
			isa = PBXShellScriptBuildPhase;
			buildActionMask = 2147483647;
			files = (
			);
			inputFileListPaths = (
			);
			inputPaths = (
				"${PODS_PODFILE_DIR_PATH}/Podfile.lock",
				"${PODS_ROOT}/Manifest.lock",
			);
			name = "[CP] Check Pods Manifest.lock";
			outputFileListPaths = (
			);
			outputPaths = (
				"$(DERIVED_FILE_DIR)/Pods-NLFFSimuPro-checkManifestLockResult.txt",
			);
			runOnlyForDeploymentPostprocessing = 0;
			shellPath = /bin/sh;
			shellScript = "diff \"${PODS_PODFILE_DIR_PATH}/Podfile.lock\" \"${PODS_ROOT}/Manifest.lock\" > /dev/null\nif [ $? != 0 ] ; then\n    # print error to STDERR\n    echo \"error: The sandbox is not in sync with the Podfile.lock. Run 'pod install' or update your CocoaPods installation.\" >&2\n    exit 1\nfi\n# This output is used by Xcode 'outputs' to avoid re-running this script phase.\necho \"SUCCESS\" > \"${SCRIPT_OUTPUT_FILE_0}\"\n";
			showEnvVarsInLog = 0;
		};
/* End PBXShellScriptBuildPhase section */

/* Begin PBXSourcesBuildPhase section */
		086C7C652A866A6F00A1F26D /* Sources */ = {
			isa = PBXSourcesBuildPhase;
			buildActionMask = 2147483647;
			files = (
				086C7C712A866A6F00A1F26D /* ViewController.swift in Sources */,
				086C7C6D2A866A6F00A1F26D /* AppDelegate.swift in Sources */,
				086C7C6F2A866A6F00A1F26D /* SceneDelegate.swift in Sources */,
			);
			runOnlyForDeploymentPostprocessing = 0;
		};
		086C7C7B2A866A7000A1F26D /* Sources */ = {
			isa = PBXSourcesBuildPhase;
			buildActionMask = 2147483647;
			files = (
				086C7C842A866A7000A1F26D /* NLFFSimuProTests.swift in Sources */,
			);
			runOnlyForDeploymentPostprocessing = 0;
		};
		086C7C852A866A7000A1F26D /* Sources */ = {
			isa = PBXSourcesBuildPhase;
			buildActionMask = 2147483647;
			files = (
				086C7C902A866A7000A1F26D /* NLFFSimuProUITestsLaunchTests.swift in Sources */,
				086C7C8E2A866A7000A1F26D /* NLFFSimuProUITests.swift in Sources */,
			);
			runOnlyForDeploymentPostprocessing = 0;
		};
/* End PBXSourcesBuildPhase section */

/* Begin PBXTargetDependency section */
		086C7C812A866A7000A1F26D /* PBXTargetDependency */ = {
			isa = PBXTargetDependency;
			target = 086C7C682A866A6F00A1F26D /* NLFFSimuPro */;
			targetProxy = 086C7C802A866A7000A1F26D /* PBXContainerItemProxy */;
		};
		086C7C8B2A866A7000A1F26D /* PBXTargetDependency */ = {
			isa = PBXTargetDependency;
			target = 086C7C682A866A6F00A1F26D /* NLFFSimuPro */;
			targetProxy = 086C7C8A2A866A7000A1F26D /* PBXContainerItemProxy */;
		};
/* End PBXTargetDependency section */

/* Begin PBXVariantGroup section */
		086C7C722A866A6F00A1F26D /* Main.storyboard */ = {
			isa = PBXVariantGroup;
			children = (
				086C7C732A866A6F00A1F26D /* Base */,
			);
			name = Main.storyboard;
			sourceTree = "<group>";
		};
		086C7C772A866A7000A1F26D /* LaunchScreen.storyboard */ = {
			isa = PBXVariantGroup;
			children = (
				086C7C782A866A7000A1F26D /* Base */,
			);
			name = LaunchScreen.storyboard;
			sourceTree = "<group>";
		};
/* End PBXVariantGroup section */

/* Begin XCBuildConfiguration section */
		086C7C912A866A7000A1F26D /* Debug */ = {
			isa = XCBuildConfiguration;
			buildSettings = {
				ALWAYS_SEARCH_USER_PATHS = NO;
				CLANG_ANALYZER_NONNULL = YES;
				CLANG_ANALYZER_NUMBER_OBJECT_CONVERSION = YES_AGGRESSIVE;
				CLANG_CXX_LANGUAGE_STANDARD = "gnu++20";
				CLANG_ENABLE_MODULES = YES;
				CLANG_ENABLE_OBJC_ARC = YES;
				CLANG_ENABLE_OBJC_WEAK = YES;
				CLANG_WARN_BLOCK_CAPTURE_AUTORELEASING = YES;
				CLANG_WARN_BOOL_CONVERSION = YES;
				CLANG_WARN_COMMA = YES;
				CLANG_WARN_CONSTANT_CONVERSION = YES;
				CLANG_WARN_DEPRECATED_OBJC_IMPLEMENTATIONS = YES;
				CLANG_WARN_DIRECT_OBJC_ISA_USAGE = YES_ERROR;
				CLANG_WARN_DOCUMENTATION_COMMENTS = YES;
				CLANG_WARN_EMPTY_BODY = YES;
				CLANG_WARN_ENUM_CONVERSION = YES;
				CLANG_WARN_INFINITE_RECURSION = YES;
				CLANG_WARN_INT_CONVERSION = YES;
				CLANG_WARN_NON_LITERAL_NULL_CONVERSION = YES;
				CLANG_WARN_OBJC_IMPLICIT_RETAIN_SELF = YES;
				CLANG_WARN_OBJC_LITERAL_CONVERSION = YES;
				CLANG_WARN_OBJC_ROOT_CLASS = YES_ERROR;
				CLANG_WARN_QUOTED_INCLUDE_IN_FRAMEWORK_HEADER = YES;
				CLANG_WARN_RANGE_LOOP_ANALYSIS = YES;
				CLANG_WARN_STRICT_PROTOTYPES = YES;
				CLANG_WARN_SUSPICIOUS_MOVE = YES;
				CLANG_WARN_UNGUARDED_AVAILABILITY = YES_AGGRESSIVE;
				CLANG_WARN_UNREACHABLE_CODE = YES;
				CLANG_WARN__DUPLICATE_METHOD_MATCH = YES;
				COPY_PHASE_STRIP = NO;
				DEBUG_INFORMATION_FORMAT = dwarf;
				ENABLE_STRICT_OBJC_MSGSEND = YES;
				ENABLE_TESTABILITY = YES;
				GCC_C_LANGUAGE_STANDARD = gnu11;
				GCC_DYNAMIC_NO_PIC = NO;
				GCC_NO_COMMON_BLOCKS = YES;
				GCC_OPTIMIZATION_LEVEL = 0;
				GCC_PREPROCESSOR_DEFINITIONS = (
					"DEBUG=1",
					"$(inherited)",
				);
				GCC_WARN_64_TO_32_BIT_CONVERSION = YES;
				GCC_WARN_ABOUT_RETURN_TYPE = YES_ERROR;
				GCC_WARN_UNDECLARED_SELECTOR = YES;
				GCC_WARN_UNINITIALIZED_AUTOS = YES_AGGRESSIVE;
				GCC_WARN_UNUSED_FUNCTION = YES;
				GCC_WARN_UNUSED_VARIABLE = YES;
				IPHONEOS_DEPLOYMENT_TARGET = 16.4;
				MTL_ENABLE_DEBUG_INFO = INCLUDE_SOURCE;
				MTL_FAST_MATH = YES;
				ONLY_ACTIVE_ARCH = YES;
				SDKROOT = iphoneos;
				SWIFT_ACTIVE_COMPILATION_CONDITIONS = DEBUG;
				SWIFT_OPTIMIZATION_LEVEL = "-Onone";
			};
			name = Debug;
		};
		086C7C922A866A7000A1F26D /* Release */ = {
			isa = XCBuildConfiguration;
			buildSettings = {
				ALWAYS_SEARCH_USER_PATHS = NO;
				CLANG_ANALYZER_NONNULL = YES;
				CLANG_ANALYZER_NUMBER_OBJECT_CONVERSION = YES_AGGRESSIVE;
				CLANG_CXX_LANGUAGE_STANDARD = "gnu++20";
				CLANG_ENABLE_MODULES = YES;
				CLANG_ENABLE_OBJC_ARC = YES;
				CLANG_ENABLE_OBJC_WEAK = YES;
				CLANG_WARN_BLOCK_CAPTURE_AUTORELEASING = YES;
				CLANG_WARN_BOOL_CONVERSION = YES;
				CLANG_WARN_COMMA = YES;
				CLANG_WARN_CONSTANT_CONVERSION = YES;
				CLANG_WARN_DEPRECATED_OBJC_IMPLEMENTATIONS = YES;
				CLANG_WARN_DIRECT_OBJC_ISA_USAGE = YES_ERROR;
				CLANG_WARN_DOCUMENTATION_COMMENTS = YES;
				CLANG_WARN_EMPTY_BODY = YES;
				CLANG_WARN_ENUM_CONVERSION = YES;
				CLANG_WARN_INFINITE_RECURSION = YES;
				CLANG_WARN_INT_CONVERSION = YES;
				CLANG_WARN_NON_LITERAL_NULL_CONVERSION = YES;
				CLANG_WARN_OBJC_IMPLICIT_RETAIN_SELF = YES;
				CLANG_WARN_OBJC_LITERAL_CONVERSION = YES;
				CLANG_WARN_OBJC_ROOT_CLASS = YES_ERROR;
				CLANG_WARN_QUOTED_INCLUDE_IN_FRAMEWORK_HEADER = YES;
				CLANG_WARN_RANGE_LOOP_ANALYSIS = YES;
				CLANG_WARN_STRICT_PROTOTYPES = YES;
				CLANG_WARN_SUSPICIOUS_MOVE = YES;
				CLANG_WARN_UNGUARDED_AVAILABILITY = YES_AGGRESSIVE;
				CLANG_WARN_UNREACHABLE_CODE = YES;
				CLANG_WARN__DUPLICATE_METHOD_MATCH = YES;
				COPY_PHASE_STRIP = NO;
				DEBUG_INFORMATION_FORMAT = "dwarf-with-dsym";
				ENABLE_NS_ASSERTIONS = NO;
				ENABLE_STRICT_OBJC_MSGSEND = YES;
				GCC_C_LANGUAGE_STANDARD = gnu11;
				GCC_NO_COMMON_BLOCKS = YES;
				GCC_WARN_64_TO_32_BIT_CONVERSION = YES;
				GCC_WARN_ABOUT_RETURN_TYPE = YES_ERROR;
				GCC_WARN_UNDECLARED_SELECTOR = YES;
				GCC_WARN_UNINITIALIZED_AUTOS = YES_AGGRESSIVE;
				GCC_WARN_UNUSED_FUNCTION = YES;
				GCC_WARN_UNUSED_VARIABLE = YES;
				IPHONEOS_DEPLOYMENT_TARGET = 16.4;
				MTL_ENABLE_DEBUG_INFO = NO;
				MTL_FAST_MATH = YES;
				SDKROOT = iphoneos;
				SWIFT_COMPILATION_MODE = wholemodule;
				SWIFT_OPTIMIZATION_LEVEL = "-O";
				VALIDATE_PRODUCT = YES;
			};
			name = Release;
		};
		086C7C942A866A7000A1F26D /* Debug */ = {
			isa = XCBuildConfiguration;
			baseConfigurationReference = 99748CB93B240FE3A700BFEC /* Pods-NLFFSimuPro.debug.xcconfig */;
			buildSettings = {
				ASSETCATALOG_COMPILER_APPICON_NAME = AppIcon;
				ASSETCATALOG_COMPILER_GLOBAL_ACCENT_COLOR_NAME = AccentColor;
				CODE_SIGN_STYLE = Automatic;
				CURRENT_PROJECT_VERSION = 1;
				GENERATE_INFOPLIST_FILE = YES;
				INFOPLIST_FILE = NLFFSimuPro/Info.plist;
				INFOPLIST_KEY_UIApplicationSupportsIndirectInputEvents = YES;
				INFOPLIST_KEY_UILaunchStoryboardName = LaunchScreen;
				INFOPLIST_KEY_UIMainStoryboardFile = Main;
				INFOPLIST_KEY_UISupportedInterfaceOrientations_iPad = "UIInterfaceOrientationPortrait UIInterfaceOrientationPortraitUpsideDown UIInterfaceOrientationLandscapeLeft UIInterfaceOrientationLandscapeRight";
				INFOPLIST_KEY_UISupportedInterfaceOrientations_iPhone = "UIInterfaceOrientationPortrait UIInterfaceOrientationLandscapeLeft UIInterfaceOrientationLandscapeRight";
				LD_RUNPATH_SEARCH_PATHS = (
					"$(inherited)",
					"@executable_path/Frameworks",
				);
				MARKETING_VERSION = 1.0;
				PRODUCT_BUNDLE_IDENTIFIER = com.neal.NLFFSimuPro;
				PRODUCT_NAME = "$(TARGET_NAME)";
				SWIFT_EMIT_LOC_STRINGS = YES;
				SWIFT_VERSION = 5.0;
				TARGETED_DEVICE_FAMILY = "1,2";
			};
			name = Debug;
		};
		086C7C952A866A7000A1F26D /* Release */ = {
			isa = XCBuildConfiguration;
			baseConfigurationReference = E3CC194DB082EB3B9734F33E /* Pods-NLFFSimuPro.release.xcconfig */;
			buildSettings = {
				ASSETCATALOG_COMPILER_APPICON_NAME = AppIcon;
				ASSETCATALOG_COMPILER_GLOBAL_ACCENT_COLOR_NAME = AccentColor;
				CODE_SIGN_STYLE = Automatic;
				CURRENT_PROJECT_VERSION = 1;
				GENERATE_INFOPLIST_FILE = YES;
				INFOPLIST_FILE = NLFFSimuPro/Info.plist;
				INFOPLIST_KEY_UIApplicationSupportsIndirectInputEvents = YES;
				INFOPLIST_KEY_UILaunchStoryboardName = LaunchScreen;
				INFOPLIST_KEY_UIMainStoryboardFile = Main;
				INFOPLIST_KEY_UISupportedInterfaceOrientations_iPad = "UIInterfaceOrientationPortrait UIInterfaceOrientationPortraitUpsideDown UIInterfaceOrientationLandscapeLeft UIInterfaceOrientationLandscapeRight";
				INFOPLIST_KEY_UISupportedInterfaceOrientations_iPhone = "UIInterfaceOrientationPortrait UIInterfaceOrientationLandscapeLeft UIInterfaceOrientationLandscapeRight";
				LD_RUNPATH_SEARCH_PATHS = (
					"$(inherited)",
					"@executable_path/Frameworks",
				);
				MARKETING_VERSION = 1.0;
				PRODUCT_BUNDLE_IDENTIFIER = com.neal.NLFFSimuPro;
				PRODUCT_NAME = "$(TARGET_NAME)";
				SWIFT_EMIT_LOC_STRINGS = YES;
				SWIFT_VERSION = 5.0;
				TARGETED_DEVICE_FAMILY = "1,2";
			};
			name = Release;
		};
		086C7C972A866A7000A1F26D /* Debug */ = {
			isa = XCBuildConfiguration;
			baseConfigurationReference = C35E4B8DFD4FC0D8B083A79E /* Pods-NLFFSimuProTests.debug.xcconfig */;
			buildSettings = {
				ALWAYS_EMBED_SWIFT_STANDARD_LIBRARIES = YES;
				BUNDLE_LOADER = "$(TEST_HOST)";
				CODE_SIGN_STYLE = Automatic;
				CURRENT_PROJECT_VERSION = 1;
				GENERATE_INFOPLIST_FILE = YES;
				IPHONEOS_DEPLOYMENT_TARGET = 16.4;
				MARKETING_VERSION = 1.0;
				PRODUCT_BUNDLE_IDENTIFIER = com.neal.NLFFSimuProTests;
				PRODUCT_NAME = "$(TARGET_NAME)";
				SWIFT_EMIT_LOC_STRINGS = NO;
				SWIFT_VERSION = 5.0;
				TARGETED_DEVICE_FAMILY = "1,2";
				TEST_HOST = "$(BUILT_PRODUCTS_DIR)/NLFFSimuPro.app/$(BUNDLE_EXECUTABLE_FOLDER_PATH)/NLFFSimuPro";
			};
			name = Debug;
		};
		086C7C982A866A7000A1F26D /* Release */ = {
			isa = XCBuildConfiguration;
			baseConfigurationReference = 879EC5CBCC999D23BB2B2EEB /* Pods-NLFFSimuProTests.release.xcconfig */;
			buildSettings = {
				ALWAYS_EMBED_SWIFT_STANDARD_LIBRARIES = YES;
				BUNDLE_LOADER = "$(TEST_HOST)";
				CODE_SIGN_STYLE = Automatic;
				CURRENT_PROJECT_VERSION = 1;
				GENERATE_INFOPLIST_FILE = YES;
				IPHONEOS_DEPLOYMENT_TARGET = 16.4;
				MARKETING_VERSION = 1.0;
				PRODUCT_BUNDLE_IDENTIFIER = com.neal.NLFFSimuProTests;
				PRODUCT_NAME = "$(TARGET_NAME)";
				SWIFT_EMIT_LOC_STRINGS = NO;
				SWIFT_VERSION = 5.0;
				TARGETED_DEVICE_FAMILY = "1,2";
				TEST_HOST = "$(BUILT_PRODUCTS_DIR)/NLFFSimuPro.app/$(BUNDLE_EXECUTABLE_FOLDER_PATH)/NLFFSimuPro";
			};
			name = Release;
		};
		086C7C9A2A866A7000A1F26D /* Debug */ = {
			isa = XCBuildConfiguration;
			baseConfigurationReference = 2ABC537281763151E2169014 /* Pods-NLFFSimuPro-NLFFSimuProUITests.debug.xcconfig */;
			buildSettings = {
				ALWAYS_EMBED_SWIFT_STANDARD_LIBRARIES = YES;
				CODE_SIGN_STYLE = Automatic;
				CURRENT_PROJECT_VERSION = 1;
				GENERATE_INFOPLIST_FILE = YES;
				MARKETING_VERSION = 1.0;
				PRODUCT_BUNDLE_IDENTIFIER = com.neal.NLFFSimuProUITests;
				PRODUCT_NAME = "$(TARGET_NAME)";
				SWIFT_EMIT_LOC_STRINGS = NO;
				SWIFT_VERSION = 5.0;
				TARGETED_DEVICE_FAMILY = "1,2";
				TEST_TARGET_NAME = NLFFSimuPro;
			};
			name = Debug;
		};
		086C7C9B2A866A7000A1F26D /* Release */ = {
			isa = XCBuildConfiguration;
			baseConfigurationReference = 7C0A71E203631B3E5F26CDF8 /* Pods-NLFFSimuPro-NLFFSimuProUITests.release.xcconfig */;
			buildSettings = {
				ALWAYS_EMBED_SWIFT_STANDARD_LIBRARIES = YES;
				CODE_SIGN_STYLE = Automatic;
				CURRENT_PROJECT_VERSION = 1;
				GENERATE_INFOPLIST_FILE = YES;
				MARKETING_VERSION = 1.0;
				PRODUCT_BUNDLE_IDENTIFIER = com.neal.NLFFSimuProUITests;
				PRODUCT_NAME = "$(TARGET_NAME)";
				SWIFT_EMIT_LOC_STRINGS = NO;
				SWIFT_VERSION = 5.0;
				TARGETED_DEVICE_FAMILY = "1,2";
				TEST_TARGET_NAME = NLFFSimuPro;
			};
			name = Release;
		};
/* End XCBuildConfiguration section */

/* Begin XCConfigurationList section */
		086C7C642A866A6F00A1F26D /* Build configuration list for PBXProject "NLFFSimuPro" */ = {
			isa = XCConfigurationList;
			buildConfigurations = (
				086C7C912A866A7000A1F26D /* Debug */,
				086C7C922A866A7000A1F26D /* Release */,
			);
			defaultConfigurationIsVisible = 0;
			defaultConfigurationName = Release;
		};
		086C7C932A866A7000A1F26D /* Build configuration list for PBXNativeTarget "NLFFSimuPro" */ = {
			isa = XCConfigurationList;
			buildConfigurations = (
				086C7C942A866A7000A1F26D /* Debug */,
				086C7C952A866A7000A1F26D /* Release */,
			);
			defaultConfigurationIsVisible = 0;
			defaultConfigurationName = Release;
		};
		086C7C962A866A7000A1F26D /* Build configuration list for PBXNativeTarget "NLFFSimuProTests" */ = {
			isa = XCConfigurationList;
			buildConfigurations = (
				086C7C972A866A7000A1F26D /* Debug */,
				086C7C982A866A7000A1F26D /* Release */,
			);
			defaultConfigurationIsVisible = 0;
			defaultConfigurationName = Release;
		};
		086C7C992A866A7000A1F26D /* Build configuration list for PBXNativeTarget "NLFFSimuProUITests" */ = {
			isa = XCConfigurationList;
			buildConfigurations = (
				086C7C9A2A866A7000A1F26D /* Debug */,
				086C7C9B2A866A7000A1F26D /* Release */,
			);
			defaultConfigurationIsVisible = 0;
			defaultConfigurationName = Release;
		};
/* End XCConfigurationList section */
	};
	rootObject = 086C7C612A866A6F00A1F26D /* Project object */;
}
